Microsoft Visual Studio Solution File, Format Version 11.00
# Visual Studio 2008

Project("{540F6E4B-DCE7-7D9C-3C5F-EFB6DC55151B}") = "TrapDoor", "Assembly-CSharp.csproj", "{3CD2142F-1221-62CF-6C39-CEB8C845ECC3}"
EndProject
Global
	GlobalSection(SolutionConfigurationPlatforms) = preSolution
		Debug|Any CPU = Debug|Any CPU
		Release|Any CPU = Release|Any CPU
	EndGlobalSection
	GlobalSection(ProjectConfigurationPlatforms) = postSolution
		{3CD2142F-1221-62CF-6C39-CEB8C845ECC3}.Debug|Any CPU.ActiveCfg = Debug|Any CPU
		{3CD2142F-1221-62CF-6C39-CEB8C845ECC3}.Debug|Any CPU.Build.0 = Debug|Any CPU
		{3CD2142F-1221-62CF-6C39-CEB8C845ECC3}.Release|Any CPU.ActiveCfg = Release|Any CPU
		{3CD2142F-1221-62CF-6C39-CEB8C845ECC3}.Release|Any CPU.Build.0 = Release|Any CPU
	EndGlobalSection
	GlobalSection(SolutionProperties) = preSolution
		HideSolutionNode = FALSE
	EndGlobalSection
	GlobalSection(MonoDevelopProperties) = preSolution
		StartupItem = Assembly-CSharp.csproj
	EndGlobalSection
EndGlobal
