
Microsoft Visual Studio Solution File, Format Version 12.00
# Visual Studio 2015
Project("{FAE04EC0-301F-11D3-BF4B-00C04F79EFBC}") = "TrapDoor.CSharp", "TrapDoor.CSharp.csproj", "{165FE170-6D8F-C419-CD3B-02504E2EB66B}"
EndProject
Project("{FAE04EC0-301F-11D3-BF4B-00C04F79EFBC}") = "TrapDoor.CSharp.Editor", "TrapDoor.CSharp.Editor.csproj", "{E4F79641-E84E-E2E6-3812-EC54AC4FE756}"
EndProject
Global
	GlobalSection(SolutionConfigurationPlatforms) = preSolution
		Debug|Any CPU = Debug|Any CPU
		Release|Any CPU = Release|Any CPU
	EndGlobalSection
	GlobalSection(ProjectConfigurationPlatforms) = postSolution
		{165FE170-6D8F-C419-CD3B-02504E2EB66B}.Debug|Any CPU.ActiveCfg = Debug|Any CPU
		{165FE170-6D8F-C419-CD3B-02504E2EB66B}.Debug|Any CPU.Build.0 = Debug|Any CPU
		{165FE170-6D8F-C419-CD3B-02504E2EB66B}.Release|Any CPU.ActiveCfg = Release|Any CPU
		{165FE170-6D8F-C419-CD3B-02504E2EB66B}.Release|Any CPU.Build.0 = Release|Any CPU
		{E4F79641-E84E-E2E6-3812-EC54AC4FE756}.Debug|Any CPU.ActiveCfg = Debug|Any CPU
		{E4F79641-E84E-E2E6-3812-EC54AC4FE756}.Debug|Any CPU.Build.0 = Debug|Any CPU
		{E4F79641-E84E-E2E6-3812-EC54AC4FE756}.Release|Any CPU.ActiveCfg = Release|Any CPU
		{E4F79641-E84E-E2E6-3812-EC54AC4FE756}.Release|Any CPU.Build.0 = Release|Any CPU
	EndGlobalSection
	GlobalSection(SolutionProperties) = preSolution
		HideSolutionNode = FALSE
	EndGlobalSection
EndGlobal
